
Microsoft Visual Studio Solution File, Format Version 12.00
Project("{FAE04EC0-301F-11D3-BF4B-00C04F79EFBC}") = "CarstiesAspire.AppHost", "CarstiesAspire\CarstiesAspire.AppHost\CarstiesAspire.AppHost.csproj", "{C873FB64-38E1-4CB6-A142-A8671CEC03F7}"
EndProject
Project("{FAE04EC0-301F-11D3-BF4B-00C04F79EFBC}") = "CarstiesAspire.ServiceDefaults", "CarstiesAspire\CarstiesAspire.ServiceDefaults\CarstiesAspire.ServiceDefaults.csproj", "{3B96E6FE-BC33-4121-9EA4-AD16B4859FCB}"
EndProject
Project("{FAE04EC0-301F-11D3-BF4B-00C04F79EFBC}") = "CarstiesAspire.ApiService", "CarstiesAspire\CarstiesAspire.ApiService\CarstiesAspire.ApiService.csproj", "{58BECA2B-815D-4E4A-8D2F-D09A971B41F4}"
EndProject
Project("{FAE04EC0-301F-11D3-BF4B-00C04F79EFBC}") = "CarstiesAspire.Web", "CarstiesAspire\CarstiesAspire.Web\CarstiesAspire.Web.csproj", "{DE1D0A1D-83F2-4BEB-A29A-DFA752832483}"
EndProject
Project("{FAE04EC0-301F-11D3-BF4B-00C04F79EFBC}") = "CarstiesAspire.Tests", "CarstiesAspire\CarstiesAspire.Tests\CarstiesAspire.Tests.csproj", "{522A98DA-6731-4678-9D35-6367133007D9}"
EndProject
Global
	GlobalSection(SolutionConfigurationPlatforms) = preSolution
		Debug|Any CPU = Debug|Any CPU
		Release|Any CPU = Release|Any CPU
	EndGlobalSection
	GlobalSection(ProjectConfigurationPlatforms) = postSolution
		{C873FB64-38E1-4CB6-A142-A8671CEC03F7}.Debug|Any CPU.ActiveCfg = Debug|Any CPU
		{C873FB64-38E1-4CB6-A142-A8671CEC03F7}.Debug|Any CPU.Build.0 = Debug|Any CPU
		{C873FB64-38E1-4CB6-A142-A8671CEC03F7}.Release|Any CPU.ActiveCfg = Release|Any CPU
		{C873FB64-38E1-4CB6-A142-A8671CEC03F7}.Release|Any CPU.Build.0 = Release|Any CPU
		{3B96E6FE-BC33-4121-9EA4-AD16B4859FCB}.Debug|Any CPU.ActiveCfg = Debug|Any CPU
		{3B96E6FE-BC33-4121-9EA4-AD16B4859FCB}.Debug|Any CPU.Build.0 = Debug|Any CPU
		{3B96E6FE-BC33-4121-9EA4-AD16B4859FCB}.Release|Any CPU.ActiveCfg = Release|Any CPU
		{3B96E6FE-BC33-4121-9EA4-AD16B4859FCB}.Release|Any CPU.Build.0 = Release|Any CPU
		{58BECA2B-815D-4E4A-8D2F-D09A971B41F4}.Debug|Any CPU.ActiveCfg = Debug|Any CPU
		{58BECA2B-815D-4E4A-8D2F-D09A971B41F4}.Debug|Any CPU.Build.0 = Debug|Any CPU
		{58BECA2B-815D-4E4A-8D2F-D09A971B41F4}.Release|Any CPU.ActiveCfg = Release|Any CPU
		{58BECA2B-815D-4E4A-8D2F-D09A971B41F4}.Release|Any CPU.Build.0 = Release|Any CPU
		{DE1D0A1D-83F2-4BEB-A29A-DFA752832483}.Debug|Any CPU.ActiveCfg = Debug|Any CPU
		{DE1D0A1D-83F2-4BEB-A29A-DFA752832483}.Debug|Any CPU.Build.0 = Debug|Any CPU
		{DE1D0A1D-83F2-4BEB-A29A-DFA752832483}.Release|Any CPU.ActiveCfg = Release|Any CPU
		{DE1D0A1D-83F2-4BEB-A29A-DFA752832483}.Release|Any CPU.Build.0 = Release|Any CPU
		{522A98DA-6731-4678-9D35-6367133007D9}.Debug|Any CPU.ActiveCfg = Debug|Any CPU
		{522A98DA-6731-4678-9D35-6367133007D9}.Debug|Any CPU.Build.0 = Debug|Any CPU
		{522A98DA-6731-4678-9D35-6367133007D9}.Release|Any CPU.ActiveCfg = Release|Any CPU
		{522A98DA-6731-4678-9D35-6367133007D9}.Release|Any CPU.Build.0 = Release|Any CPU
	EndGlobalSection
EndGlobal
